# THIS IS AN AUTOGENERATED FILE. DO NOT EDIT THIS FILE DIRECTLY.
# yarn lockfile v1


vue-router@4.0.0-beta.13:
  version "4.0.0-beta.13"
  resolved "http://npm-registry.duowan.com/vue-router/download/vue-router-4.0.0-beta.13.tgz#4611d09a9e44f231cc401ecc294a7f2dcb30e6a6"
  integrity sha1-RhHQmp5E8jHMQB7MKUp/Lcsw5qY=

vuex@4.0.0-beta.4:
  version "4.0.0-beta.4"
  resolved "http://npm-registry.duowan.com/vuex/download/vuex-4.0.0-beta.4.tgz#7b319ead2ef30432b7eaa4e37258ea3c5e44f698"
  integrity sha1-ezGerS7zBDK36qTjcljqPF5E9pg=
