# THIS IS AN AUTOGENERATED FILE. DO NOT EDIT THIS FILE DIRECTLY.
# yarn lockfile v1


at-least-node@^1.0.0:
  version "1.0.0"
  resolved "http://npm-registry.duowan.com/at-least-node/download/at-least-node-1.0.0.tgz#602cd4b46e844ad4effc92a8011a3c46e0238dc2"
  integrity sha1-YCzUtG6EStTv/JKoARo8RuAjjcI=

create-vite-app@^1.21.0:
  version "1.21.0"
  resolved "http://npm-registry.duowan.com/create-vite-app/download/create-vite-app-1.21.0.tgz#e0d2371c9274c5000c4eeef292ef2a7239e86f3e"
  integrity sha1-4NI3HJJ0xQAMTu7yku8qcjnobz4=
  dependencies:
    fs-extra "^9.0.0"
    minimist "^1.2.5"

dom-walk@^0.1.0:
  version "0.1.2"
  resolved "http://npm-registry.duowan.com/dom-walk/download/dom-walk-0.1.2.tgz#0c548bef048f4d1f2a97249002236060daa3fd84"
  integrity sha1-DFSL7wSPTR8qlySQAiNgYNqj/YQ=

fs-extra@^9.0.0:
  version "9.1.0"
  resolved "http://npm-registry.duowan.com/fs-extra/download/fs-extra-9.1.0.tgz#5954460c764a8da2094ba3554bf839e6b9a7c86d"
  integrity sha1-WVRGDHZKjaIJS6NVS/g55rmnyG0=
  dependencies:
    at-least-node "^1.0.0"
    graceful-fs "^4.2.0"
    jsonfile "^6.0.1"
    universalify "^2.0.0"

global@^4.4.0:
  version "4.4.0"
  resolved "http://npm-registry.duowan.com/global/download/global-4.4.0.tgz#3e7b105179006a323ed71aafca3e9c57a5cc6406"
  integrity sha1-PnsQUXkAajI+1xqvyj6cV6XMZAY=
  dependencies:
    min-document "^2.19.0"
    process "^0.11.10"

graceful-fs@^4.1.6, graceful-fs@^4.2.0:
  version "4.2.9"
  resolved "http://npm-registry.duowan.com/graceful-fs/download/graceful-fs-4.2.9.tgz#041b05df45755e587a24942279b9d113146e1c96"
  integrity sha1-BBsF30V1Xlh6JJQiebnRExRuHJY=

jsonfile@^6.0.1:
  version "6.1.0"
  resolved "http://npm-registry.duowan.com/jsonfile/download/jsonfile-6.1.0.tgz#bc55b2634793c679ec6403094eb13698a6ec0aae"
  integrity sha1-vFWyY0eTxnnsZAMJTrE2mKbsCq4=
  dependencies:
    universalify "^2.0.0"
  optionalDependencies:
    graceful-fs "^4.1.6"

min-document@^2.19.0:
  version "2.19.0"
  resolved "http://npm-registry.duowan.com/min-document/download/min-document-2.19.0.tgz#7bd282e3f5842ed295bb748cdd9f1ffa2c824685"
  integrity sha1-e9KC4/WELtKVu3SM3Z8f+iyCRoU=
  dependencies:
    dom-walk "^0.1.0"

minimist@^1.2.5:
  version "1.2.5"
  resolved "http://npm-registry.duowan.com/minimist/download/minimist-1.2.5.tgz#67d66014b66a6a8aaa0c083c5fd58df4e4e97602"
  integrity sha1-Z9ZgFLZqaoqqDAg8X9WN9OTpdgI=

process@^0.11.10:
  version "0.11.10"
  resolved "http://npm-registry.duowan.com/process/download/process-0.11.10.tgz#7332300e840161bda3e69a1d1d91a7d4bc16f182"
  integrity sha1-czIwDoQBYb2j5podHZGn1LwW8YI=

universalify@^2.0.0:
  version "2.0.0"
  resolved "http://npm-registry.duowan.com/universalify/download/universalify-2.0.0.tgz#75a4984efedc4b08975c5aeb73f530d02df25717"
  integrity sha1-daSYTv7cSwiXXFrrc/Uw0C3yVxc=
